
Microsoft Visual Studio Solution File, Format Version 12.00
# Visual Studio Version 17
VisualStudioVersion = 17.0.31912.275
MinimumVisualStudioVersion = 10.0.40219.1
Project("{2150E333-8FDC-42A3-9474-1A3956D46DE8}") = "Ejercicios_Clase1", "Ejercicios_Clase1", "{DBB18D4E-CE63-47FE-B78C-4E2C19989336}"
EndProject
Project("{2150E333-8FDC-42A3-9474-1A3956D46DE8}") = "Ejercicios_Clase2", "Ejercicios_Clase2", "{3F96DE71-97B4-443E-88AF-69E9A11AD037}"
EndProject
Project("{9A19103F-16F7-4668-BE54-9A1E7A4F7556}") = "Ejercicio1_ValidadorDeRangos", "Ejercicio1_ValidadorDeRangos\Ejercicio1_ValidadorDeRangos.csproj", "{BDB82CFC-2F6C-4F8F-A4EA-25167A1BD041}"
EndProject
Project("{9A19103F-16F7-4668-BE54-9A1E7A4F7556}") = "Ejercicio2_Desea_Continuar", "Ejercicio2_Desea_Continuar\Ejercicio2_Desea_Continuar.csproj", "{EE2CC95D-9549-4D3B-BE5D-E59589DD8B90}"
EndProject
Project("{9A19103F-16F7-4668-BE54-9A1E7A4F7556}") = "Validaciones", "Validaciones\Validaciones.csproj", "{B538EB25-7EEF-4A5B-8DD6-D8A4261D0612}"
EndProject
Project("{9A19103F-16F7-4668-BE54-9A1E7A4F7556}") = "Ejercicio3_ConversorBinario", "Ejercicio3_ConversorBinario\Ejercicio3_ConversorBinario.csproj", "{624B681E-DF8B-4C78-A1B0-9EAEB6348242}"
EndProject
Project("{9A19103F-16F7-4668-BE54-9A1E7A4F7556}") = "Ejercicio4_LaCalculadora", "Ejercicio4_LaCalculadora\Ejercicio4_LaCalculadora.csproj", "{5EFDA890-05B7-4D35-BAE9-6A2E88A29F58}"
EndProject
Project("{9A19103F-16F7-4668-BE54-9A1E7A4F7556}") = "Ejercicio5_AprendeteLasTablas", "Ejercicio5_AprendeteLasTablas\Ejercicio5_AprendeteLasTablas.csproj", "{A376FE54-B7F6-49DD-AF85-9CD179002110}"
EndProject
Project("{9A19103F-16F7-4668-BE54-9A1E7A4F7556}") = "Ejercicio6_CalculadoraDeAreas", "Ejercicio6_CalculadoraDeAreas\Ejercicio6_CalculadoraDeAreas.csproj", "{613E3B40-C210-4800-8D0E-82589A1FBD13}"
EndProject
Project("{9A19103F-16F7-4668-BE54-9A1E7A4F7556}") = "Ejercicio7_PitagorasEstariaOrgulloso", "Ejercicio7_PitagorasEstariaOrgulloso\Ejercicio7_PitagorasEstariaOrgulloso.csproj", "{FF41BA33-49A4-4539-96EF-1E79596991C3}"
EndProject
Project("{9A19103F-16F7-4668-BE54-9A1E7A4F7556}") = "Ejercicio8_ElTiempoPasa", "Ejercicio8_ElTiempoPasa\Ejercicio8_ElTiempoPasa.csproj", "{559B4021-6C58-45B4-B2F2-98EBC61940AA}"
EndProject
Project("{2150E333-8FDC-42A3-9474-1A3956D46DE8}") = "Ejercicios_Clase3", "Ejercicios_Clase3", "{BBCE1F04-0E8B-4982-9316-CCFA50671274}"
EndProject
Project("{9A19103F-16F7-4668-BE54-9A1E7A4F7556}") = "Ejercicio1_CreoQueNecesitoUnPrestamo", "Ejercicio1_CreoQueNecesitoUnPrestamo\Ejercicio1_CreoQueNecesitoUnPrestamo.csproj", "{D4087058-63A9-4785-963B-D215AA22E4A2}"
EndProject
Project("{9A19103F-16F7-4668-BE54-9A1E7A4F7556}") = "EntidadesClase3", "EntidadesClase3\EntidadesClase3.csproj", "{5694B3B2-2E18-4188-906D-CA37FFBF10E7}"
EndProject
Project("{9A19103F-16F7-4668-BE54-9A1E7A4F7556}") = "Ejercicio2_VosCuantasPrimaverasTenes", "Ejercicio2_VosCuantasPrimaverasTenes\Ejercicio2_VosCuantasPrimaverasTenes.csproj", "{6449B84A-BD96-4AF5-B615-092918A94A17}"
EndProject
Project("{9A19103F-16F7-4668-BE54-9A1E7A4F7556}") = "Ejercicio3_ElEjemploUniversal", "Ejercicio3_ElEjemploUniversal\Ejercicio3_ElEjemploUniversal.csproj", "{D2B44084-29AF-44C6-AEBE-903E9B055890}"
EndProject
Project("{9A19103F-16F7-4668-BE54-9A1E7A4F7556}") = "Ejercicio1_MaximoMinimoyPromedio", "Ejercicio1_MaximoMinimoyPromedio\Ejercicio1_MaximoMinimoyPromedio.csproj", "{6C115C4A-C7E3-4A75-857B-B7F0AC9FBF4C}"
EndProject
Project("{9A19103F-16F7-4668-BE54-9A1E7A4F7556}") = "Ejercicio2_ErrorAlCubo", "Ejercicio2_ErrorAlCubo\Ejercicio2_ErrorAlCubo.csproj", "{B1749854-3FF7-47DF-A6AD-4EEC15CFA07E}"
EndProject
Project("{9A19103F-16F7-4668-BE54-9A1E7A4F7556}") = "Ejercicio3_LosPrimos", "Ejercicio3_LosPrimos\Ejercicio3_LosPrimos.csproj", "{5706BAF2-835A-458C-8165-9970BFD4130B}"
EndProject
Project("{9A19103F-16F7-4668-BE54-9A1E7A4F7556}") = "Ejercicio4_UnNumeroPerfecto", "Ejercicio4_UnNumeroPerfecto\Ejercicio4_UnNumeroPerfecto.csproj", "{5F194BF6-5DE3-49D0-9DD7-26A1D2F7DB34}"
EndProject
Project("{9A19103F-16F7-4668-BE54-9A1E7A4F7556}") = "Ejercicio4_InventoArgentino", "Ejercicio4_InventoArgentino\Ejercicio4_InventoArgentino.csproj", "{BC9806EE-D3B7-4D8E-AB1D-24AC28810D17}"
EndProject
Project("{2150E333-8FDC-42A3-9474-1A3956D46DE8}") = "Ejercicios_Clase4", "Ejercicios_Clase4", "{808E2656-232E-43B5-AFC2-76D335615DE6}"
EndProject
Project("{9A19103F-16F7-4668-BE54-9A1E7A4F7556}") = "Ejercicio1_Sumador", "Ejercicio1_Sumador\Ejercicio1_Sumador.csproj", "{08363982-5F14-47AC-98E9-C1DADA1B6E90}"
EndProject
Project("{9A19103F-16F7-4668-BE54-9A1E7A4F7556}") = "Entidades_Clase4", "Entidades_Clase4\Entidades_Clase4.csproj", "{0ADE2103-8614-4D18-AC36-FA83A1EF43E3}"
EndProject
Project("{9A19103F-16F7-4668-BE54-9A1E7A4F7556}") = "Ejercicio2_Cotizador", "Ejercicio2_Cotizador\Ejercicio2_Cotizador.csproj", "{1D555A2F-7AED-45EB-A024-6F365C4A22D3}"
EndProject
Project("{9A19103F-16F7-4668-BE54-9A1E7A4F7556}") = "Billetes", "Billetes\Billetes.csproj", "{FB30A7B0-2875-4C3D-A860-B9102ED3B852}"
EndProject
Project("{9A19103F-16F7-4668-BE54-9A1E7A4F7556}") = "Ejercicio3_ConversorBinarioRecargado", "Ejercicio3_ConversorBinarioRecargado\Ejercicio3_ConversorBinarioRecargado.csproj", "{9280BEF3-20FA-4298-BA9F-BA2D1FC7D168}"
EndProject
Project("{9A19103F-16F7-4668-BE54-9A1E7A4F7556}") = "Ejercicio4_LaEstanteria", "Ejercicio4_LaEstanteria\Ejercicio4_LaEstanteria.csproj", "{22DA8C28-3AE4-4C70-BC07-D06FB55CF1CE}"
EndProject
Project("{2150E333-8FDC-42A3-9474-1A3956D46DE8}") = "Ejercicios_Clase5", "Ejercicios_Clase5", "{FE846CD8-3D68-441A-AD3B-6DFB9D1FC2D7}"
EndProject
Project("{9A19103F-16F7-4668-BE54-9A1E7A4F7556}") = "Frm_HolaWindowsForms", "Frm_HolaWindowsForms\Frm_HolaWindowsForms.csproj", "{C9DB3535-67FE-4AC2-8809-4B7DD29989DA}"
EndProject
Project("{9A19103F-16F7-4668-BE54-9A1E7A4F7556}") = "Ejercicio2_Registrate", "Ejercicio2_Registrate\Ejercicio2_Registrate.csproj", "{7B0F0D91-59B7-44F2-8A12-699E140F5328}"
EndProject
Project("{9A19103F-16F7-4668-BE54-9A1E7A4F7556}") = "Entidades_Clase5", "Entidades_Clase5\Entidades_Clase5.csproj", "{90ECA30D-7CF4-4A8F-9160-56F0C200281D}"
EndProject
Project("{9A19103F-16F7-4668-BE54-9A1E7A4F7556}") = "Ejercicio5_Fahrenheit451", "Ejercicio5_Fahrenheit451\Ejercicio5_Fahrenheit451.csproj", "{476F175A-D866-4742-8C85-B18BF67E7173}"
EndProject
Project("{2150E333-8FDC-42A3-9474-1A3956D46DE8}") = "Ejercicios_Clase6", "Ejercicios_Clase6", "{DECFC3CB-8868-4211-9FC0-4ABBE5A37A8C}"
EndProject
Project("{9A19103F-16F7-4668-BE54-9A1E7A4F7556}") = "Ejercicio1_NumerosLocos", "Ejercicio1_NumerosLocos\Ejercicio1_NumerosLocos.csproj", "{19CED7AA-C42D-4CE0-A615-6890192AA81E}"
EndProject
Project("{9A19103F-16F7-4668-BE54-9A1E7A4F7556}") = "Ejercicio3_AContarPalabras", "Ejercicio3_AContarPalabras\Ejercicio3_AContarPalabras.csproj", "{7C0F613D-A593-40C7-BF70-172CF401848E}"
EndProject
Project("{9A19103F-16F7-4668-BE54-9A1E7A4F7556}") = "Ejercicio3_CotizadorDesktop", "Ejercicio3_CotizadorDesktop\Ejercicio3_CotizadorDesktop.csproj", "{924F5A54-6956-4E43-95AC-D3D0BD3413B3}"
EndProject
Project("{9A19103F-16F7-4668-BE54-9A1E7A4F7556}") = "Ejercicio4_Vulcano", "Ejercicio4_Vulcano\Ejercicio4_Vulcano.csproj", "{250441C7-6801-4DB0-97F8-6631CFD90251}"
EndProject
Project("{9A19103F-16F7-4668-BE54-9A1E7A4F7556}") = "Ejercicio5_DenleUnaUIaEseConversorBinario", "Ejercicio5_DenleUnaUIaEseConversorBinario\Ejercicio5_DenleUnaUIaEseConversorBinario.csproj", "{84400BBD-E016-4FD5-8C39-749783116277}"
EndProject
Project("{9A19103F-16F7-4668-BE54-9A1E7A4F7556}") = "Ejercicio2_NumerosLocosII", "Ejercicio2_NumerosLocosII\Ejercicio2_NumerosLocosII.csproj", "{71D5DDDD-5980-4616-B7FD-5DE892A518B9}"
EndProject
Project("{9A19103F-16F7-4668-BE54-9A1E7A4F7556}") = "Ejercicio4_EstadisticaDeportiva", "Ejercicio4_EstadisticaDeportiva\Ejercicio4_EstadisticaDeportiva.csproj", "{44E5ECC2-A791-4F29-AB53-8E56D691502E}"
EndProject
Project("{9A19103F-16F7-4668-BE54-9A1E7A4F7556}") = "Entidades_Clase6", "Entidades_Clase6\Entidades_Clase6.csproj", "{E9F45A57-61A8-4A7F-8DB8-AB5C936822A2}"
EndProject
Project("{9A19103F-16F7-4668-BE54-9A1E7A4F7556}") = "Ejercicio5_EnciendanSusMotores", "Ejercicio5_EnciendanSusMotores\Ejercicio5_EnciendanSusMotores.csproj", "{B9D6C185-F984-4E9A-863C-CD834F7F72E6}"
EndProject
Project("{2150E333-8FDC-42A3-9474-1A3956D46DE8}") = "Ejercicios_Clase7", "Ejercicios_Clase7", "{CBE5B40E-1584-4FD2-88F9-A42FE35FE38E}"
EndProject
Project("{FAE04EC0-301F-11D3-BF4B-00C04F79EFBC}") = "Ejercicio1_PuestoDeAtencion", "Ejercicio1_PuestoDeAtencion\Ejercicio1_PuestoDeAtencion.csproj", "{9FF24E0D-9A8C-408E-AE6E-4ED122944137}"
EndProject
Project("{FAE04EC0-301F-11D3-BF4B-00C04F79EFBC}") = "Entidades_Clase7", "Entidades_Clase7\Entidades_Clase7.csproj", "{FD329E35-7822-4BAD-BE5F-EFFF03D798F6}"
EndProject
Global
	GlobalSection(SolutionConfigurationPlatforms) = preSolution
		Debug|Any CPU = Debug|Any CPU
		Release|Any CPU = Release|Any CPU
	EndGlobalSection
	GlobalSection(ProjectConfigurationPlatforms) = postSolution
		{BDB82CFC-2F6C-4F8F-A4EA-25167A1BD041}.Debug|Any CPU.ActiveCfg = Debug|Any CPU
		{BDB82CFC-2F6C-4F8F-A4EA-25167A1BD041}.Debug|Any CPU.Build.0 = Debug|Any CPU
		{BDB82CFC-2F6C-4F8F-A4EA-25167A1BD041}.Release|Any CPU.ActiveCfg = Release|Any CPU
		{BDB82CFC-2F6C-4F8F-A4EA-25167A1BD041}.Release|Any CPU.Build.0 = Release|Any CPU
		{EE2CC95D-9549-4D3B-BE5D-E59589DD8B90}.Debug|Any CPU.ActiveCfg = Debug|Any CPU
		{EE2CC95D-9549-4D3B-BE5D-E59589DD8B90}.Debug|Any CPU.Build.0 = Debug|Any CPU
		{EE2CC95D-9549-4D3B-BE5D-E59589DD8B90}.Release|Any CPU.ActiveCfg = Release|Any CPU
		{EE2CC95D-9549-4D3B-BE5D-E59589DD8B90}.Release|Any CPU.Build.0 = Release|Any CPU
		{B538EB25-7EEF-4A5B-8DD6-D8A4261D0612}.Debug|Any CPU.ActiveCfg = Debug|Any CPU
		{B538EB25-7EEF-4A5B-8DD6-D8A4261D0612}.Debug|Any CPU.Build.0 = Debug|Any CPU
		{B538EB25-7EEF-4A5B-8DD6-D8A4261D0612}.Release|Any CPU.ActiveCfg = Release|Any CPU
		{B538EB25-7EEF-4A5B-8DD6-D8A4261D0612}.Release|Any CPU.Build.0 = Release|Any CPU
		{624B681E-DF8B-4C78-A1B0-9EAEB6348242}.Debug|Any CPU.ActiveCfg = Debug|Any CPU
		{624B681E-DF8B-4C78-A1B0-9EAEB6348242}.Debug|Any CPU.Build.0 = Debug|Any CPU
		{624B681E-DF8B-4C78-A1B0-9EAEB6348242}.Release|Any CPU.ActiveCfg = Release|Any CPU
		{624B681E-DF8B-4C78-A1B0-9EAEB6348242}.Release|Any CPU.Build.0 = Release|Any CPU
		{5EFDA890-05B7-4D35-BAE9-6A2E88A29F58}.Debug|Any CPU.ActiveCfg = Debug|Any CPU
		{5EFDA890-05B7-4D35-BAE9-6A2E88A29F58}.Debug|Any CPU.Build.0 = Debug|Any CPU
		{5EFDA890-05B7-4D35-BAE9-6A2E88A29F58}.Release|Any CPU.ActiveCfg = Release|Any CPU
		{5EFDA890-05B7-4D35-BAE9-6A2E88A29F58}.Release|Any CPU.Build.0 = Release|Any CPU
		{A376FE54-B7F6-49DD-AF85-9CD179002110}.Debug|Any CPU.ActiveCfg = Debug|Any CPU
		{A376FE54-B7F6-49DD-AF85-9CD179002110}.Debug|Any CPU.Build.0 = Debug|Any CPU
		{A376FE54-B7F6-49DD-AF85-9CD179002110}.Release|Any CPU.ActiveCfg = Release|Any CPU
		{A376FE54-B7F6-49DD-AF85-9CD179002110}.Release|Any CPU.Build.0 = Release|Any CPU
		{613E3B40-C210-4800-8D0E-82589A1FBD13}.Debug|Any CPU.ActiveCfg = Debug|Any CPU
		{613E3B40-C210-4800-8D0E-82589A1FBD13}.Debug|Any CPU.Build.0 = Debug|Any CPU
		{613E3B40-C210-4800-8D0E-82589A1FBD13}.Release|Any CPU.ActiveCfg = Release|Any CPU
		{613E3B40-C210-4800-8D0E-82589A1FBD13}.Release|Any CPU.Build.0 = Release|Any CPU
		{FF41BA33-49A4-4539-96EF-1E79596991C3}.Debug|Any CPU.ActiveCfg = Debug|Any CPU
		{FF41BA33-49A4-4539-96EF-1E79596991C3}.Debug|Any CPU.Build.0 = Debug|Any CPU
		{FF41BA33-49A4-4539-96EF-1E79596991C3}.Release|Any CPU.ActiveCfg = Release|Any CPU
		{FF41BA33-49A4-4539-96EF-1E79596991C3}.Release|Any CPU.Build.0 = Release|Any CPU
		{559B4021-6C58-45B4-B2F2-98EBC61940AA}.Debug|Any CPU.ActiveCfg = Debug|Any CPU
		{559B4021-6C58-45B4-B2F2-98EBC61940AA}.Debug|Any CPU.Build.0 = Debug|Any CPU
		{559B4021-6C58-45B4-B2F2-98EBC61940AA}.Release|Any CPU.ActiveCfg = Release|Any CPU
		{559B4021-6C58-45B4-B2F2-98EBC61940AA}.Release|Any CPU.Build.0 = Release|Any CPU
		{D4087058-63A9-4785-963B-D215AA22E4A2}.Debug|Any CPU.ActiveCfg = Debug|Any CPU
		{D4087058-63A9-4785-963B-D215AA22E4A2}.Debug|Any CPU.Build.0 = Debug|Any CPU
		{D4087058-63A9-4785-963B-D215AA22E4A2}.Release|Any CPU.ActiveCfg = Release|Any CPU
		{D4087058-63A9-4785-963B-D215AA22E4A2}.Release|Any CPU.Build.0 = Release|Any CPU
		{5694B3B2-2E18-4188-906D-CA37FFBF10E7}.Debug|Any CPU.ActiveCfg = Debug|Any CPU
		{5694B3B2-2E18-4188-906D-CA37FFBF10E7}.Debug|Any CPU.Build.0 = Debug|Any CPU
		{5694B3B2-2E18-4188-906D-CA37FFBF10E7}.Release|Any CPU.ActiveCfg = Release|Any CPU
		{5694B3B2-2E18-4188-906D-CA37FFBF10E7}.Release|Any CPU.Build.0 = Release|Any CPU
		{6449B84A-BD96-4AF5-B615-092918A94A17}.Debug|Any CPU.ActiveCfg = Debug|Any CPU
		{6449B84A-BD96-4AF5-B615-092918A94A17}.Debug|Any CPU.Build.0 = Debug|Any CPU
		{6449B84A-BD96-4AF5-B615-092918A94A17}.Release|Any CPU.ActiveCfg = Release|Any CPU
		{6449B84A-BD96-4AF5-B615-092918A94A17}.Release|Any CPU.Build.0 = Release|Any CPU
		{D2B44084-29AF-44C6-AEBE-903E9B055890}.Debug|Any CPU.ActiveCfg = Debug|Any CPU
		{D2B44084-29AF-44C6-AEBE-903E9B055890}.Debug|Any CPU.Build.0 = Debug|Any CPU
		{D2B44084-29AF-44C6-AEBE-903E9B055890}.Release|Any CPU.ActiveCfg = Release|Any CPU
		{D2B44084-29AF-44C6-AEBE-903E9B055890}.Release|Any CPU.Build.0 = Release|Any CPU
		{6C115C4A-C7E3-4A75-857B-B7F0AC9FBF4C}.Debug|Any CPU.ActiveCfg = Debug|Any CPU
		{6C115C4A-C7E3-4A75-857B-B7F0AC9FBF4C}.Debug|Any CPU.Build.0 = Debug|Any CPU
		{6C115C4A-C7E3-4A75-857B-B7F0AC9FBF4C}.Release|Any CPU.ActiveCfg = Release|Any CPU
		{6C115C4A-C7E3-4A75-857B-B7F0AC9FBF4C}.Release|Any CPU.Build.0 = Release|Any CPU
		{B1749854-3FF7-47DF-A6AD-4EEC15CFA07E}.Debug|Any CPU.ActiveCfg = Debug|Any CPU
		{B1749854-3FF7-47DF-A6AD-4EEC15CFA07E}.Debug|Any CPU.Build.0 = Debug|Any CPU
		{B1749854-3FF7-47DF-A6AD-4EEC15CFA07E}.Release|Any CPU.ActiveCfg = Release|Any CPU
		{B1749854-3FF7-47DF-A6AD-4EEC15CFA07E}.Release|Any CPU.Build.0 = Release|Any CPU
		{5706BAF2-835A-458C-8165-9970BFD4130B}.Debug|Any CPU.ActiveCfg = Debug|Any CPU
		{5706BAF2-835A-458C-8165-9970BFD4130B}.Debug|Any CPU.Build.0 = Debug|Any CPU
		{5706BAF2-835A-458C-8165-9970BFD4130B}.Release|Any CPU.ActiveCfg = Release|Any CPU
		{5706BAF2-835A-458C-8165-9970BFD4130B}.Release|Any CPU.Build.0 = Release|Any CPU
		{5F194BF6-5DE3-49D0-9DD7-26A1D2F7DB34}.Debug|Any CPU.ActiveCfg = Debug|Any CPU
		{5F194BF6-5DE3-49D0-9DD7-26A1D2F7DB34}.Debug|Any CPU.Build.0 = Debug|Any CPU
		{5F194BF6-5DE3-49D0-9DD7-26A1D2F7DB34}.Release|Any CPU.ActiveCfg = Release|Any CPU
		{5F194BF6-5DE3-49D0-9DD7-26A1D2F7DB34}.Release|Any CPU.Build.0 = Release|Any CPU
		{BC9806EE-D3B7-4D8E-AB1D-24AC28810D17}.Debug|Any CPU.ActiveCfg = Debug|Any CPU
		{BC9806EE-D3B7-4D8E-AB1D-24AC28810D17}.Debug|Any CPU.Build.0 = Debug|Any CPU
		{BC9806EE-D3B7-4D8E-AB1D-24AC28810D17}.Release|Any CPU.ActiveCfg = Release|Any CPU
		{BC9806EE-D3B7-4D8E-AB1D-24AC28810D17}.Release|Any CPU.Build.0 = Release|Any CPU
		{08363982-5F14-47AC-98E9-C1DADA1B6E90}.Debug|Any CPU.ActiveCfg = Debug|Any CPU
		{08363982-5F14-47AC-98E9-C1DADA1B6E90}.Debug|Any CPU.Build.0 = Debug|Any CPU
		{08363982-5F14-47AC-98E9-C1DADA1B6E90}.Release|Any CPU.ActiveCfg = Release|Any CPU
		{08363982-5F14-47AC-98E9-C1DADA1B6E90}.Release|Any CPU.Build.0 = Release|Any CPU
		{0ADE2103-8614-4D18-AC36-FA83A1EF43E3}.Debug|Any CPU.ActiveCfg = Debug|Any CPU
		{0ADE2103-8614-4D18-AC36-FA83A1EF43E3}.Debug|Any CPU.Build.0 = Debug|Any CPU
		{0ADE2103-8614-4D18-AC36-FA83A1EF43E3}.Release|Any CPU.ActiveCfg = Release|Any CPU
		{0ADE2103-8614-4D18-AC36-FA83A1EF43E3}.Release|Any CPU.Build.0 = Release|Any CPU
		{1D555A2F-7AED-45EB-A024-6F365C4A22D3}.Debug|Any CPU.ActiveCfg = Debug|Any CPU
		{1D555A2F-7AED-45EB-A024-6F365C4A22D3}.Debug|Any CPU.Build.0 = Debug|Any CPU
		{1D555A2F-7AED-45EB-A024-6F365C4A22D3}.Release|Any CPU.ActiveCfg = Release|Any CPU
		{1D555A2F-7AED-45EB-A024-6F365C4A22D3}.Release|Any CPU.Build.0 = Release|Any CPU
		{FB30A7B0-2875-4C3D-A860-B9102ED3B852}.Debug|Any CPU.ActiveCfg = Debug|Any CPU
		{FB30A7B0-2875-4C3D-A860-B9102ED3B852}.Debug|Any CPU.Build.0 = Debug|Any CPU
		{FB30A7B0-2875-4C3D-A860-B9102ED3B852}.Release|Any CPU.ActiveCfg = Release|Any CPU
		{FB30A7B0-2875-4C3D-A860-B9102ED3B852}.Release|Any CPU.Build.0 = Release|Any CPU
		{9280BEF3-20FA-4298-BA9F-BA2D1FC7D168}.Debug|Any CPU.ActiveCfg = Debug|Any CPU
		{9280BEF3-20FA-4298-BA9F-BA2D1FC7D168}.Debug|Any CPU.Build.0 = Debug|Any CPU
		{9280BEF3-20FA-4298-BA9F-BA2D1FC7D168}.Release|Any CPU.ActiveCfg = Release|Any CPU
		{9280BEF3-20FA-4298-BA9F-BA2D1FC7D168}.Release|Any CPU.Build.0 = Release|Any CPU
		{22DA8C28-3AE4-4C70-BC07-D06FB55CF1CE}.Debug|Any CPU.ActiveCfg = Debug|Any CPU
		{22DA8C28-3AE4-4C70-BC07-D06FB55CF1CE}.Debug|Any CPU.Build.0 = Debug|Any CPU
		{22DA8C28-3AE4-4C70-BC07-D06FB55CF1CE}.Release|Any CPU.ActiveCfg = Release|Any CPU
		{22DA8C28-3AE4-4C70-BC07-D06FB55CF1CE}.Release|Any CPU.Build.0 = Release|Any CPU
		{C9DB3535-67FE-4AC2-8809-4B7DD29989DA}.Debug|Any CPU.ActiveCfg = Debug|Any CPU
		{C9DB3535-67FE-4AC2-8809-4B7DD29989DA}.Debug|Any CPU.Build.0 = Debug|Any CPU
		{C9DB3535-67FE-4AC2-8809-4B7DD29989DA}.Release|Any CPU.ActiveCfg = Release|Any CPU
		{C9DB3535-67FE-4AC2-8809-4B7DD29989DA}.Release|Any CPU.Build.0 = Release|Any CPU
		{7B0F0D91-59B7-44F2-8A12-699E140F5328}.Debug|Any CPU.ActiveCfg = Debug|Any CPU
		{7B0F0D91-59B7-44F2-8A12-699E140F5328}.Debug|Any CPU.Build.0 = Debug|Any CPU
		{7B0F0D91-59B7-44F2-8A12-699E140F5328}.Release|Any CPU.ActiveCfg = Release|Any CPU
		{7B0F0D91-59B7-44F2-8A12-699E140F5328}.Release|Any CPU.Build.0 = Release|Any CPU
		{90ECA30D-7CF4-4A8F-9160-56F0C200281D}.Debug|Any CPU.ActiveCfg = Debug|Any CPU
		{90ECA30D-7CF4-4A8F-9160-56F0C200281D}.Debug|Any CPU.Build.0 = Debug|Any CPU
		{90ECA30D-7CF4-4A8F-9160-56F0C200281D}.Release|Any CPU.ActiveCfg = Release|Any CPU
		{90ECA30D-7CF4-4A8F-9160-56F0C200281D}.Release|Any CPU.Build.0 = Release|Any CPU
		{476F175A-D866-4742-8C85-B18BF67E7173}.Debug|Any CPU.ActiveCfg = Debug|Any CPU
		{476F175A-D866-4742-8C85-B18BF67E7173}.Debug|Any CPU.Build.0 = Debug|Any CPU
		{476F175A-D866-4742-8C85-B18BF67E7173}.Release|Any CPU.ActiveCfg = Release|Any CPU
		{476F175A-D866-4742-8C85-B18BF67E7173}.Release|Any CPU.Build.0 = Release|Any CPU
		{19CED7AA-C42D-4CE0-A615-6890192AA81E}.Debug|Any CPU.ActiveCfg = Debug|Any CPU
		{19CED7AA-C42D-4CE0-A615-6890192AA81E}.Debug|Any CPU.Build.0 = Debug|Any CPU
		{19CED7AA-C42D-4CE0-A615-6890192AA81E}.Release|Any CPU.ActiveCfg = Release|Any CPU
		{19CED7AA-C42D-4CE0-A615-6890192AA81E}.Release|Any CPU.Build.0 = Release|Any CPU
		{7C0F613D-A593-40C7-BF70-172CF401848E}.Debug|Any CPU.ActiveCfg = Debug|Any CPU
		{7C0F613D-A593-40C7-BF70-172CF401848E}.Debug|Any CPU.Build.0 = Debug|Any CPU
		{7C0F613D-A593-40C7-BF70-172CF401848E}.Release|Any CPU.ActiveCfg = Release|Any CPU
		{7C0F613D-A593-40C7-BF70-172CF401848E}.Release|Any CPU.Build.0 = Release|Any CPU
		{924F5A54-6956-4E43-95AC-D3D0BD3413B3}.Debug|Any CPU.ActiveCfg = Debug|Any CPU
		{924F5A54-6956-4E43-95AC-D3D0BD3413B3}.Debug|Any CPU.Build.0 = Debug|Any CPU
		{924F5A54-6956-4E43-95AC-D3D0BD3413B3}.Release|Any CPU.ActiveCfg = Release|Any CPU
		{924F5A54-6956-4E43-95AC-D3D0BD3413B3}.Release|Any CPU.Build.0 = Release|Any CPU
		{250441C7-6801-4DB0-97F8-6631CFD90251}.Debug|Any CPU.ActiveCfg = Debug|Any CPU
		{250441C7-6801-4DB0-97F8-6631CFD90251}.Debug|Any CPU.Build.0 = Debug|Any CPU
		{250441C7-6801-4DB0-97F8-6631CFD90251}.Release|Any CPU.ActiveCfg = Release|Any CPU
		{250441C7-6801-4DB0-97F8-6631CFD90251}.Release|Any CPU.Build.0 = Release|Any CPU
		{84400BBD-E016-4FD5-8C39-749783116277}.Debug|Any CPU.ActiveCfg = Debug|Any CPU
		{84400BBD-E016-4FD5-8C39-749783116277}.Debug|Any CPU.Build.0 = Debug|Any CPU
		{84400BBD-E016-4FD5-8C39-749783116277}.Release|Any CPU.ActiveCfg = Release|Any CPU
		{84400BBD-E016-4FD5-8C39-749783116277}.Release|Any CPU.Build.0 = Release|Any CPU
		{71D5DDDD-5980-4616-B7FD-5DE892A518B9}.Debug|Any CPU.ActiveCfg = Debug|Any CPU
		{71D5DDDD-5980-4616-B7FD-5DE892A518B9}.Debug|Any CPU.Build.0 = Debug|Any CPU
		{71D5DDDD-5980-4616-B7FD-5DE892A518B9}.Release|Any CPU.ActiveCfg = Release|Any CPU
		{71D5DDDD-5980-4616-B7FD-5DE892A518B9}.Release|Any CPU.Build.0 = Release|Any CPU
		{44E5ECC2-A791-4F29-AB53-8E56D691502E}.Debug|Any CPU.ActiveCfg = Debug|Any CPU
		{44E5ECC2-A791-4F29-AB53-8E56D691502E}.Debug|Any CPU.Build.0 = Debug|Any CPU
		{44E5ECC2-A791-4F29-AB53-8E56D691502E}.Release|Any CPU.ActiveCfg = Release|Any CPU
		{44E5ECC2-A791-4F29-AB53-8E56D691502E}.Release|Any CPU.Build.0 = Release|Any CPU
		{E9F45A57-61A8-4A7F-8DB8-AB5C936822A2}.Debug|Any CPU.ActiveCfg = Debug|Any CPU
		{E9F45A57-61A8-4A7F-8DB8-AB5C936822A2}.Debug|Any CPU.Build.0 = Debug|Any CPU
		{E9F45A57-61A8-4A7F-8DB8-AB5C936822A2}.Release|Any CPU.ActiveCfg = Release|Any CPU
		{E9F45A57-61A8-4A7F-8DB8-AB5C936822A2}.Release|Any CPU.Build.0 = Release|Any CPU
		{B9D6C185-F984-4E9A-863C-CD834F7F72E6}.Debug|Any CPU.ActiveCfg = Debug|Any CPU
		{B9D6C185-F984-4E9A-863C-CD834F7F72E6}.Debug|Any CPU.Build.0 = Debug|Any CPU
		{B9D6C185-F984-4E9A-863C-CD834F7F72E6}.Release|Any CPU.ActiveCfg = Release|Any CPU
		{B9D6C185-F984-4E9A-863C-CD834F7F72E6}.Release|Any CPU.Build.0 = Release|Any CPU
		{9FF24E0D-9A8C-408E-AE6E-4ED122944137}.Debug|Any CPU.ActiveCfg = Debug|Any CPU
		{9FF24E0D-9A8C-408E-AE6E-4ED122944137}.Debug|Any CPU.Build.0 = Debug|Any CPU
		{9FF24E0D-9A8C-408E-AE6E-4ED122944137}.Release|Any CPU.ActiveCfg = Release|Any CPU
		{9FF24E0D-9A8C-408E-AE6E-4ED122944137}.Release|Any CPU.Build.0 = Release|Any CPU
		{FD329E35-7822-4BAD-BE5F-EFFF03D798F6}.Debug|Any CPU.ActiveCfg = Debug|Any CPU
		{FD329E35-7822-4BAD-BE5F-EFFF03D798F6}.Debug|Any CPU.Build.0 = Debug|Any CPU
		{FD329E35-7822-4BAD-BE5F-EFFF03D798F6}.Release|Any CPU.ActiveCfg = Release|Any CPU
		{FD329E35-7822-4BAD-BE5F-EFFF03D798F6}.Release|Any CPU.Build.0 = Release|Any CPU
	EndGlobalSection
	GlobalSection(SolutionProperties) = preSolution
		HideSolutionNode = FALSE
	EndGlobalSection
	GlobalSection(NestedProjects) = preSolution
		{BDB82CFC-2F6C-4F8F-A4EA-25167A1BD041} = {3F96DE71-97B4-443E-88AF-69E9A11AD037}
		{EE2CC95D-9549-4D3B-BE5D-E59589DD8B90} = {3F96DE71-97B4-443E-88AF-69E9A11AD037}
		{B538EB25-7EEF-4A5B-8DD6-D8A4261D0612} = {3F96DE71-97B4-443E-88AF-69E9A11AD037}
		{624B681E-DF8B-4C78-A1B0-9EAEB6348242} = {3F96DE71-97B4-443E-88AF-69E9A11AD037}
		{5EFDA890-05B7-4D35-BAE9-6A2E88A29F58} = {3F96DE71-97B4-443E-88AF-69E9A11AD037}
		{A376FE54-B7F6-49DD-AF85-9CD179002110} = {3F96DE71-97B4-443E-88AF-69E9A11AD037}
		{613E3B40-C210-4800-8D0E-82589A1FBD13} = {3F96DE71-97B4-443E-88AF-69E9A11AD037}
		{FF41BA33-49A4-4539-96EF-1E79596991C3} = {3F96DE71-97B4-443E-88AF-69E9A11AD037}
		{559B4021-6C58-45B4-B2F2-98EBC61940AA} = {3F96DE71-97B4-443E-88AF-69E9A11AD037}
		{D4087058-63A9-4785-963B-D215AA22E4A2} = {BBCE1F04-0E8B-4982-9316-CCFA50671274}
		{5694B3B2-2E18-4188-906D-CA37FFBF10E7} = {BBCE1F04-0E8B-4982-9316-CCFA50671274}
		{6449B84A-BD96-4AF5-B615-092918A94A17} = {BBCE1F04-0E8B-4982-9316-CCFA50671274}
		{D2B44084-29AF-44C6-AEBE-903E9B055890} = {BBCE1F04-0E8B-4982-9316-CCFA50671274}
		{6C115C4A-C7E3-4A75-857B-B7F0AC9FBF4C} = {DBB18D4E-CE63-47FE-B78C-4E2C19989336}
		{B1749854-3FF7-47DF-A6AD-4EEC15CFA07E} = {DBB18D4E-CE63-47FE-B78C-4E2C19989336}
		{5706BAF2-835A-458C-8165-9970BFD4130B} = {DBB18D4E-CE63-47FE-B78C-4E2C19989336}
		{5F194BF6-5DE3-49D0-9DD7-26A1D2F7DB34} = {DBB18D4E-CE63-47FE-B78C-4E2C19989336}
		{BC9806EE-D3B7-4D8E-AB1D-24AC28810D17} = {BBCE1F04-0E8B-4982-9316-CCFA50671274}
		{08363982-5F14-47AC-98E9-C1DADA1B6E90} = {808E2656-232E-43B5-AFC2-76D335615DE6}
		{0ADE2103-8614-4D18-AC36-FA83A1EF43E3} = {808E2656-232E-43B5-AFC2-76D335615DE6}
		{1D555A2F-7AED-45EB-A024-6F365C4A22D3} = {808E2656-232E-43B5-AFC2-76D335615DE6}
		{FB30A7B0-2875-4C3D-A860-B9102ED3B852} = {808E2656-232E-43B5-AFC2-76D335615DE6}
		{9280BEF3-20FA-4298-BA9F-BA2D1FC7D168} = {808E2656-232E-43B5-AFC2-76D335615DE6}
		{22DA8C28-3AE4-4C70-BC07-D06FB55CF1CE} = {808E2656-232E-43B5-AFC2-76D335615DE6}
		{C9DB3535-67FE-4AC2-8809-4B7DD29989DA} = {FE846CD8-3D68-441A-AD3B-6DFB9D1FC2D7}
		{7B0F0D91-59B7-44F2-8A12-699E140F5328} = {FE846CD8-3D68-441A-AD3B-6DFB9D1FC2D7}
		{90ECA30D-7CF4-4A8F-9160-56F0C200281D} = {FE846CD8-3D68-441A-AD3B-6DFB9D1FC2D7}
		{476F175A-D866-4742-8C85-B18BF67E7173} = {808E2656-232E-43B5-AFC2-76D335615DE6}
		{19CED7AA-C42D-4CE0-A615-6890192AA81E} = {DECFC3CB-8868-4211-9FC0-4ABBE5A37A8C}
		{7C0F613D-A593-40C7-BF70-172CF401848E} = {DECFC3CB-8868-4211-9FC0-4ABBE5A37A8C}
		{924F5A54-6956-4E43-95AC-D3D0BD3413B3} = {FE846CD8-3D68-441A-AD3B-6DFB9D1FC2D7}
		{250441C7-6801-4DB0-97F8-6631CFD90251} = {FE846CD8-3D68-441A-AD3B-6DFB9D1FC2D7}
		{84400BBD-E016-4FD5-8C39-749783116277} = {FE846CD8-3D68-441A-AD3B-6DFB9D1FC2D7}
		{71D5DDDD-5980-4616-B7FD-5DE892A518B9} = {DECFC3CB-8868-4211-9FC0-4ABBE5A37A8C}
		{44E5ECC2-A791-4F29-AB53-8E56D691502E} = {DECFC3CB-8868-4211-9FC0-4ABBE5A37A8C}
		{E9F45A57-61A8-4A7F-8DB8-AB5C936822A2} = {DECFC3CB-8868-4211-9FC0-4ABBE5A37A8C}
		{B9D6C185-F984-4E9A-863C-CD834F7F72E6} = {DECFC3CB-8868-4211-9FC0-4ABBE5A37A8C}
		{9FF24E0D-9A8C-408E-AE6E-4ED122944137} = {CBE5B40E-1584-4FD2-88F9-A42FE35FE38E}
		{FD329E35-7822-4BAD-BE5F-EFFF03D798F6} = {CBE5B40E-1584-4FD2-88F9-A42FE35FE38E}
	EndGlobalSection
	GlobalSection(ExtensibilityGlobals) = postSolution
		SolutionGuid = {44228D61-F976-4A42-88B2-CC920119BC36}
	EndGlobalSection
EndGlobal
